{
    "name": "gag-images",
    "lockfileVersion": 3,
    "requires": true,
    "packages": {
        "": {
            "dependencies": {
                "@mdi/js": "^7.2.96",
                "@pusher/push-notifications-web": "^1.1.0",
                "@vueuse/core": "^10.3.0",
                "crypto-js": "^4.1.1",
                "pinia": "^2.1.6",
                "vee-validate": "^4.11.1",
                "vite-plugin-vuetify": "^1.0.2",
                "vue-router": "^4.2.4",
                "vuetify": "^3.3.14",
                "yup": "^1.2.0"
            },
            "devDependencies": {
                "@vitejs/plugin-vue": "^4.2.3",
                "axios": "^1.4.0",
                "laravel-vite-plugin": "^0.8.0",
                "sass": "^1.65.1",
                "vite": "^4.4.9",
                "vue": "^3.3.4"
            }
        },
        "node_modules/@babel/parser": {
            "version": "7.22.7",
            "license": "MIT",
            "bin": {
                "parser": "bin/babel-parser.js"
            },
            "engines": {
                "node": ">=6.0.0"
            }
        },
        "node_modules/@esbuild/win32-x64": {
            "version": "0.18.17",
            "cpu": [
                "x64"
            ],
            "license": "MIT",
            "optional": true,
            "os": [
                "win32"
            ],
            "engines": {
                "node": ">=12"
            }
        },
        "node_modules/@jridgewell/gen-mapping": {
            "version": "0.3.3",
            "resolved": "https://registry.npmjs.org/@jridgewell/gen-mapping/-/gen-mapping-0.3.3.tgz",
            "integrity": "sha512-HLhSWOLRi875zjjMG/r+Nv0oCW8umGb0BgEhyX3dDX3egwZtB8PqLnjz3yedt8R5StBrzcg4aBpnh8UA9D1BoQ==",
            "optional": true,
            "peer": true,
            "dependencies": {
                "@jridgewell/set-array": "^1.0.1",
                "@jridgewell/sourcemap-codec": "^1.4.10",
                "@jridgewell/trace-mapping": "^0.3.9"
            },
            "engines": {
                "node": ">=6.0.0"
            }
        },
        "node_modules/@jridgewell/resolve-uri": {
            "version": "3.1.0",
            "resolved": "https://registry.npmjs.org/@jridgewell/resolve-uri/-/resolve-uri-3.1.0.tgz",
            "integrity": "sha512-F2msla3tad+Mfht5cJq7LSXcdudKTWCVYUgw6pLFOOHSTtZlj6SWNYAp+AhuqLmWdBO2X5hPrLcu8cVP8fy28w==",
            "optional": true,
            "peer": true,
            "engines": {
                "node": ">=6.0.0"
            }
        },
        "node_modules/@jridgewell/set-array": {
            "version": "1.1.2",
            "resolved": "https://registry.npmjs.org/@jridgewell/set-array/-/set-array-1.1.2.tgz",
            "integrity": "sha512-xnkseuNADM0gt2bs+BvhO0p78Mk762YnZdsuzFV018NoG1Sj1SCQvpSqa7XUaTam5vAGasABV9qXASMKnFMwMw==",
            "optional": true,
            "peer": true,
            "engines": {
                "node": ">=6.0.0"
            }
        },
        "node_modules/@jridgewell/source-map": {
            "version": "0.3.5",
            "resolved": "https://registry.npmjs.org/@jridgewell/source-map/-/source-map-0.3.5.tgz",
            "integrity": "sha512-UTYAUj/wviwdsMfzoSJspJxbkH5o1snzwX0//0ENX1u/55kkZZkcTZP6u9bwKGkv+dkk9at4m1Cpt0uY80kcpQ==",
            "optional": true,
            "peer": true,
            "dependencies": {
                "@jridgewell/gen-mapping": "^0.3.0",
                "@jridgewell/trace-mapping": "^0.3.9"
            }
        },
        "node_modules/@jridgewell/sourcemap-codec": {
            "version": "1.4.15",
            "license": "MIT"
        },
        "node_modules/@jridgewell/trace-mapping": {
            "version": "0.3.18",
            "resolved": "https://registry.npmjs.org/@jridgewell/trace-mapping/-/trace-mapping-0.3.18.tgz",
            "integrity": "sha512-w+niJYzMHdd7USdiH2U6869nqhD2nbfZXND5Yp93qIbEmnDNk7PD48o+YchRVpzMU7M6jVCbenTR7PA1FLQ9pA==",
            "optional": true,
            "peer": true,
            "dependencies": {
                "@jridgewell/resolve-uri": "3.1.0",
                "@jridgewell/sourcemap-codec": "1.4.14"
            }
        },
        "node_modules/@jridgewell/trace-mapping/node_modules/@jridgewell/sourcemap-codec": {
            "version": "1.4.14",
            "resolved": "https://registry.npmjs.org/@jridgewell/sourcemap-codec/-/sourcemap-codec-1.4.14.tgz",
            "integrity": "sha512-XPSJHWmi394fuUuzDnGz1wiKqWfo1yXecHQMRf2l6hztTO+nPru658AyDngaBe7isIxEkRsPR3FZh+s7iVa4Uw==",
            "optional": true,
            "peer": true
        },
        "node_modules/@mdi/js": {
            "version": "7.2.96",
            "license": "Apache-2.0"
        },
        "node_modules/@pusher/push-notifications-web": {
            "version": "1.1.0",
            "resolved": "https://registry.npmjs.org/@pusher/push-notifications-web/-/push-notifications-web-1.1.0.tgz",
            "integrity": "sha512-qR9RZNpH9E54GEpn9uqag9VbLG3kk13DPtf0v4ScsbIZhLFrc1vVWoylzh9zPKiJx3LLwnSxZQA/DkF13OBYXw=="
        },
        "node_modules/@types/web-bluetooth": {
            "version": "0.0.17",
            "resolved": "https://registry.npmjs.org/@types/web-bluetooth/-/web-bluetooth-0.0.17.tgz",
            "integrity": "sha512-4p9vcSmxAayx72yn70joFoL44c9MO/0+iVEBIQXe3v2h2SiAsEIo/G5v6ObFWvNKRFjbrVadNf9LqEEZeQPzdA=="
        },
        "node_modules/@vitejs/plugin-vue": {
            "version": "4.2.3",
            "dev": true,
            "license": "MIT",
            "engines": {
                "node": "^14.18.0 || >=16.0.0"
            },
            "peerDependencies": {
                "vite": "^4.0.0",
                "vue": "^3.2.25"
            }
        },
        "node_modules/@vue/compiler-core": {
            "version": "3.3.4",
            "license": "MIT",
            "dependencies": {
                "@babel/parser": "^7.21.3",
                "@vue/shared": "3.3.4",
                "estree-walker": "^2.0.2",
                "source-map-js": "^1.0.2"
            }
        },
        "node_modules/@vue/compiler-dom": {
            "version": "3.3.4",
            "license": "MIT",
            "dependencies": {
                "@vue/compiler-core": "3.3.4",
                "@vue/shared": "3.3.4"
            }
        },
        "node_modules/@vue/compiler-sfc": {
            "version": "3.3.4",
            "license": "MIT",
            "dependencies": {
                "@babel/parser": "^7.20.15",
                "@vue/compiler-core": "3.3.4",
                "@vue/compiler-dom": "3.3.4",
                "@vue/compiler-ssr": "3.3.4",
                "@vue/reactivity-transform": "3.3.4",
                "@vue/shared": "3.3.4",
                "estree-walker": "^2.0.2",
                "magic-string": "^0.30.0",
                "postcss": "^8.1.10",
                "source-map-js": "^1.0.2"
            }
        },
        "node_modules/@vue/compiler-ssr": {
            "version": "3.3.4",
            "license": "MIT",
            "dependencies": {
                "@vue/compiler-dom": "3.3.4",
                "@vue/shared": "3.3.4"
            }
        },
        "node_modules/@vue/devtools-api": {
            "version": "6.5.0",
            "license": "MIT"
        },
        "node_modules/@vue/reactivity": {
            "version": "3.3.4",
            "license": "MIT",
            "dependencies": {
                "@vue/shared": "3.3.4"
            }
        },
        "node_modules/@vue/reactivity-transform": {
            "version": "3.3.4",
            "license": "MIT",
            "dependencies": {
                "@babel/parser": "^7.20.15",
                "@vue/compiler-core": "3.3.4",
                "@vue/shared": "3.3.4",
                "estree-walker": "^2.0.2",
                "magic-string": "^0.30.0"
            }
        },
        "node_modules/@vue/runtime-core": {
            "version": "3.3.4",
            "license": "MIT",
            "dependencies": {
                "@vue/reactivity": "3.3.4",
                "@vue/shared": "3.3.4"
            }
        },
        "node_modules/@vue/runtime-dom": {
            "version": "3.3.4",
            "license": "MIT",
            "dependencies": {
                "@vue/runtime-core": "3.3.4",
                "@vue/shared": "3.3.4",
                "csstype": "^3.1.1"
            }
        },
        "node_modules/@vue/server-renderer": {
            "version": "3.3.4",
            "license": "MIT",
            "dependencies": {
                "@vue/compiler-ssr": "3.3.4",
                "@vue/shared": "3.3.4"
            },
            "peerDependencies": {
                "vue": "3.3.4"
            }
        },
        "node_modules/@vue/shared": {
            "version": "3.3.4",
            "license": "MIT"
        },
        "node_modules/@vuetify/loader-shared": {
            "version": "1.7.1",
            "license": "MIT",
            "dependencies": {
                "find-cache-dir": "^3.3.2",
                "upath": "^2.0.1"
            },
            "peerDependencies": {
                "vue": "^3.0.0",
                "vuetify": "^3.0.0-beta.4"
            }
        },
        "node_modules/@vueuse/core": {
            "version": "10.3.0",
            "resolved": "https://registry.npmjs.org/@vueuse/core/-/core-10.3.0.tgz",
            "integrity": "sha512-BEM5yxcFKb5btFjTSAFjTu5jmwoW66fyV9uJIP4wUXXU8aR5Hl44gndaaXp7dC5HSObmgbnR2RN+Un1p68Mf5Q==",
            "dependencies": {
                "@types/web-bluetooth": "^0.0.17",
                "@vueuse/metadata": "10.3.0",
                "@vueuse/shared": "10.3.0",
                "vue-demi": ">=0.14.5"
            },
            "funding": {
                "url": "https://github.com/sponsors/antfu"
            }
        },
        "node_modules/@vueuse/core/node_modules/vue-demi": {
            "version": "0.14.5",
            "resolved": "https://registry.npmjs.org/vue-demi/-/vue-demi-0.14.5.tgz",
            "integrity": "sha512-o9NUVpl/YlsGJ7t+xuqJKx8EBGf1quRhCiT6D/J0pfwmk9zUwYkC7yrF4SZCe6fETvSM3UNL2edcbYrSyc4QHA==",
            "hasInstallScript": true,
            "bin": {
                "vue-demi-fix": "bin/vue-demi-fix.js",
                "vue-demi-switch": "bin/vue-demi-switch.js"
            },
            "engines": {
                "node": ">=12"
            },
            "funding": {
                "url": "https://github.com/sponsors/antfu"
            },
            "peerDependencies": {
                "@vue/composition-api": "^1.0.0-rc.1",
                "vue": "^3.0.0-0 || ^2.6.0"
            },
            "peerDependenciesMeta": {
                "@vue/composition-api": {
                    "optional": true
                }
            }
        },
        "node_modules/@vueuse/metadata": {
            "version": "10.3.0",
            "resolved": "https://registry.npmjs.org/@vueuse/metadata/-/metadata-10.3.0.tgz",
            "integrity": "sha512-Ema3YhNOa4swDsV0V7CEY5JXvK19JI/o1szFO1iWxdFg3vhdFtCtSTP26PCvbUpnUtNHBY2wx5y3WDXND5Pvnw==",
            "funding": {
                "url": "https://github.com/sponsors/antfu"
            }
        },
        "node_modules/@vueuse/shared": {
            "version": "10.3.0",
            "resolved": "https://registry.npmjs.org/@vueuse/shared/-/shared-10.3.0.tgz",
            "integrity": "sha512-kGqCTEuFPMK4+fNWy6dUOiYmxGcUbtznMwBZLC1PubidF4VZY05B+Oht7Jh7/6x4VOWGpvu3R37WHi81cKpiqg==",
            "dependencies": {
                "vue-demi": ">=0.14.5"
            },
            "funding": {
                "url": "https://github.com/sponsors/antfu"
            }
        },
        "node_modules/@vueuse/shared/node_modules/vue-demi": {
            "version": "0.14.5",
            "resolved": "https://registry.npmjs.org/vue-demi/-/vue-demi-0.14.5.tgz",
            "integrity": "sha512-o9NUVpl/YlsGJ7t+xuqJKx8EBGf1quRhCiT6D/J0pfwmk9zUwYkC7yrF4SZCe6fETvSM3UNL2edcbYrSyc4QHA==",
            "hasInstallScript": true,
            "bin": {
                "vue-demi-fix": "bin/vue-demi-fix.js",
                "vue-demi-switch": "bin/vue-demi-switch.js"
            },
            "engines": {
                "node": ">=12"
            },
            "funding": {
                "url": "https://github.com/sponsors/antfu"
            },
            "peerDependencies": {
                "@vue/composition-api": "^1.0.0-rc.1",
                "vue": "^3.0.0-0 || ^2.6.0"
            },
            "peerDependenciesMeta": {
                "@vue/composition-api": {
                    "optional": true
                }
            }
        },
        "node_modules/acorn": {
            "version": "8.10.0",
            "resolved": "https://registry.npmjs.org/acorn/-/acorn-8.10.0.tgz",
            "integrity": "sha512-F0SAmZ8iUtS//m8DmCTA0jlh6TDKkHQyK6xc6V4KDTyZKA9dnvX9/3sRTVQrWm79glUAZbnmmNcdYwUIHWVybw==",
            "optional": true,
            "peer": true,
            "bin": {
                "acorn": "bin/acorn"
            },
            "engines": {
                "node": ">=0.4.0"
            }
        },
        "node_modules/anymatch": {
            "version": "3.1.3",
            "devOptional": true,
            "license": "ISC",
            "dependencies": {
                "normalize-path": "^3.0.0",
                "picomatch": "^2.0.4"
            },
            "engines": {
                "node": ">= 8"
            }
        },
        "node_modules/asynckit": {
            "version": "0.4.0",
            "dev": true,
            "license": "MIT"
        },
        "node_modules/axios": {
            "version": "1.4.0",
            "resolved": "https://registry.npmjs.org/axios/-/axios-1.4.0.tgz",
            "integrity": "sha512-S4XCWMEmzvo64T9GfvQDOXgYRDJ/wsSZc7Jvdgx5u1sd0JwsuPLqb3SYmusag+edF6ziyMensPVqLTSc1PiSEA==",
            "dev": true,
            "dependencies": {
                "follow-redirects": "^1.15.0",
                "form-data": "^4.0.0",
                "proxy-from-env": "^1.1.0"
            }
        },
        "node_modules/binary-extensions": {
            "version": "2.2.0",
            "devOptional": true,
            "license": "MIT",
            "engines": {
                "node": ">=8"
            }
        },
        "node_modules/braces": {
            "version": "3.0.2",
            "devOptional": true,
            "license": "MIT",
            "dependencies": {
                "fill-range": "^7.0.1"
            },
            "engines": {
                "node": ">=8"
            }
        },
        "node_modules/buffer-from": {
            "version": "1.1.2",
            "resolved": "https://registry.npmjs.org/buffer-from/-/buffer-from-1.1.2.tgz",
            "integrity": "sha512-E+XQCRwSbaaiChtv6k6Dwgc+bx+Bs6vuKJHHl5kox/BaKbhiXzqQOwK4cO22yElGp2OCmjwVhT3HmxgyPGnJfQ==",
            "optional": true,
            "peer": true
        },
        "node_modules/chokidar": {
            "version": "3.5.3",
            "devOptional": true,
            "funding": [
                {
                    "type": "individual",
                    "url": "https://paulmillr.com/funding/"
                }
            ],
            "license": "MIT",
            "dependencies": {
                "anymatch": "~3.1.2",
                "braces": "~3.0.2",
                "glob-parent": "~5.1.2",
                "is-binary-path": "~2.1.0",
                "is-glob": "~4.0.1",
                "normalize-path": "~3.0.0",
                "readdirp": "~3.6.0"
            },
            "engines": {
                "node": ">= 8.10.0"
            },
            "optionalDependencies": {
                "fsevents": "~2.3.2"
            }
        },
        "node_modules/combined-stream": {
            "version": "1.0.8",
            "dev": true,
            "license": "MIT",
            "dependencies": {
                "delayed-stream": "~1.0.0"
            },
            "engines": {
                "node": ">= 0.8"
            }
        },
        "node_modules/commander": {
            "version": "2.20.3",
            "resolved": "https://registry.npmjs.org/commander/-/commander-2.20.3.tgz",
            "integrity": "sha512-GpVkmM8vF2vQUkj2LvZmD35JxeJOLCwJ9cUkugyk2nuhbv3+mJvpLYYt+0+USMxE+oj+ey/lJEnhZw75x/OMcQ==",
            "optional": true,
            "peer": true
        },
        "node_modules/commondir": {
            "version": "1.0.1",
            "license": "MIT"
        },
        "node_modules/crypto-js": {
            "version": "4.1.1",
            "resolved": "https://registry.npmjs.org/crypto-js/-/crypto-js-4.1.1.tgz",
            "integrity": "sha512-o2JlM7ydqd3Qk9CA0L4NL6mTzU2sdx96a+oOfPu8Mkl/PK51vSyoi8/rQ8NknZtk44vq15lmhAj9CIAGwgeWKw=="
        },
        "node_modules/csstype": {
            "version": "3.1.2",
            "license": "MIT"
        },
        "node_modules/debug": {
            "version": "4.3.4",
            "license": "MIT",
            "dependencies": {
                "ms": "2.1.2"
            },
            "engines": {
                "node": ">=6.0"
            },
            "peerDependenciesMeta": {
                "supports-color": {
                    "optional": true
                }
            }
        },
        "node_modules/delayed-stream": {
            "version": "1.0.0",
            "dev": true,
            "license": "MIT",
            "engines": {
                "node": ">=0.4.0"
            }
        },
        "node_modules/esbuild": {
            "version": "0.18.17",
            "hasInstallScript": true,
            "license": "MIT",
            "bin": {
                "esbuild": "bin/esbuild"
            },
            "engines": {
                "node": ">=12"
            },
            "optionalDependencies": {
                "@esbuild/android-arm": "0.18.17",
                "@esbuild/android-arm64": "0.18.17",
                "@esbuild/android-x64": "0.18.17",
                "@esbuild/darwin-arm64": "0.18.17",
                "@esbuild/darwin-x64": "0.18.17",
                "@esbuild/freebsd-arm64": "0.18.17",
                "@esbuild/freebsd-x64": "0.18.17",
                "@esbuild/linux-arm": "0.18.17",
                "@esbuild/linux-arm64": "0.18.17",
                "@esbuild/linux-ia32": "0.18.17",
                "@esbuild/linux-loong64": "0.18.17",
                "@esbuild/linux-mips64el": "0.18.17",
                "@esbuild/linux-ppc64": "0.18.17",
                "@esbuild/linux-riscv64": "0.18.17",
                "@esbuild/linux-s390x": "0.18.17",
                "@esbuild/linux-x64": "0.18.17",
                "@esbuild/netbsd-x64": "0.18.17",
                "@esbuild/openbsd-x64": "0.18.17",
                "@esbuild/sunos-x64": "0.18.17",
                "@esbuild/win32-arm64": "0.18.17",
                "@esbuild/win32-ia32": "0.18.17",
                "@esbuild/win32-x64": "0.18.17"
            }
        },
        "node_modules/estree-walker": {
            "version": "2.0.2",
            "license": "MIT"
        },
        "node_modules/fill-range": {
            "version": "7.0.1",
            "devOptional": true,
            "license": "MIT",
            "dependencies": {
                "to-regex-range": "^5.0.1"
            },
            "engines": {
                "node": ">=8"
            }
        },
        "node_modules/find-cache-dir": {
            "version": "3.3.2",
            "license": "MIT",
            "dependencies": {
                "commondir": "^1.0.1",
                "make-dir": "^3.0.2",
                "pkg-dir": "^4.1.0"
            },
            "engines": {
                "node": ">=8"
            },
            "funding": {
                "url": "https://github.com/avajs/find-cache-dir?sponsor=1"
            }
        },
        "node_modules/find-up": {
            "version": "4.1.0",
            "license": "MIT",
            "dependencies": {
                "locate-path": "^5.0.0",
                "path-exists": "^4.0.0"
            },
            "engines": {
                "node": ">=8"
            }
        },
        "node_modules/follow-redirects": {
            "version": "1.15.2",
            "dev": true,
            "funding": [
                {
                    "type": "individual",
                    "url": "https://github.com/sponsors/RubenVerborgh"
                }
            ],
            "license": "MIT",
            "engines": {
                "node": ">=4.0"
            },
            "peerDependenciesMeta": {
                "debug": {
                    "optional": true
                }
            }
        },
        "node_modules/form-data": {
            "version": "4.0.0",
            "dev": true,
            "license": "MIT",
            "dependencies": {
                "asynckit": "^0.4.0",
                "combined-stream": "^1.0.8",
                "mime-types": "^2.1.12"
            },
            "engines": {
                "node": ">= 6"
            }
        },
        "node_modules/fsevents": {
            "version": "2.3.2",
            "resolved": "https://registry.npmjs.org/fsevents/-/fsevents-2.3.2.tgz",
            "integrity": "sha512-xiqMQR4xAeHTuB9uWm+fFRcIOgKBMiOBP+eXiyT7jsgVCq1bkVygt00oASowB7EdtpOHaaPgKt812P9ab+DDKA==",
            "hasInstallScript": true,
            "optional": true,
            "os": [
                "darwin"
            ],
            "engines": {
                "node": "^8.16.0 || ^10.6.0 || >=11.0.0"
            }
        },
        "node_modules/glob-parent": {
            "version": "5.1.2",
            "devOptional": true,
            "license": "ISC",
            "dependencies": {
                "is-glob": "^4.0.1"
            },
            "engines": {
                "node": ">= 6"
            }
        },
        "node_modules/immutable": {
            "version": "4.3.0",
            "devOptional": true,
            "license": "MIT"
        },
        "node_modules/is-binary-path": {
            "version": "2.1.0",
            "devOptional": true,
            "license": "MIT",
            "dependencies": {
                "binary-extensions": "^2.0.0"
            },
            "engines": {
                "node": ">=8"
            }
        },
        "node_modules/is-extglob": {
            "version": "2.1.1",
            "devOptional": true,
            "license": "MIT",
            "engines": {
                "node": ">=0.10.0"
            }
        },
        "node_modules/is-glob": {
            "version": "4.0.3",
            "devOptional": true,
            "license": "MIT",
            "dependencies": {
                "is-extglob": "^2.1.1"
            },
            "engines": {
                "node": ">=0.10.0"
            }
        },
        "node_modules/is-number": {
            "version": "7.0.0",
            "devOptional": true,
            "license": "MIT",
            "engines": {
                "node": ">=0.12.0"
            }
        },
        "node_modules/laravel-vite-plugin": {
            "version": "0.8.0",
            "resolved": "https://registry.npmjs.org/laravel-vite-plugin/-/laravel-vite-plugin-0.8.0.tgz",
            "integrity": "sha512-6VjLI+azBpeK6rWBiKcb/En5GnTdYpL0U4zS8gXYvb2/VSq4mlau5H3NWpSktUDBMM1b97LLgICx5zevi8IY0w==",
            "dev": true,
            "dependencies": {
                "picocolors": "^1.0.0",
                "vite-plugin-full-reload": "^1.0.5"
            },
            "engines": {
                "node": ">=14"
            },
            "peerDependencies": {
                "vite": "^3.0.0 || ^4.0.0"
            }
        },
        "node_modules/locate-path": {
            "version": "5.0.0",
            "license": "MIT",
            "dependencies": {
                "p-locate": "^4.1.0"
            },
            "engines": {
                "node": ">=8"
            }
        },
        "node_modules/magic-string": {
            "version": "0.30.2",
            "license": "MIT",
            "dependencies": {
                "@jridgewell/sourcemap-codec": "^1.4.15"
            },
            "engines": {
                "node": ">=12"
            }
        },
        "node_modules/make-dir": {
            "version": "3.1.0",
            "license": "MIT",
            "dependencies": {
                "semver": "^6.0.0"
            },
            "engines": {
                "node": ">=8"
            },
            "funding": {
                "url": "https://github.com/sponsors/sindresorhus"
            }
        },
        "node_modules/mime-db": {
            "version": "1.52.0",
            "dev": true,
            "license": "MIT",
            "engines": {
                "node": ">= 0.6"
            }
        },
        "node_modules/mime-types": {
            "version": "2.1.35",
            "dev": true,
            "license": "MIT",
            "dependencies": {
                "mime-db": "1.52.0"
            },
            "engines": {
                "node": ">= 0.6"
            }
        },
        "node_modules/ms": {
            "version": "2.1.2",
            "license": "MIT"
        },
        "node_modules/nanoid": {
            "version": "3.3.6",
            "funding": [
                {
                    "type": "github",
                    "url": "https://github.com/sponsors/ai"
                }
            ],
            "license": "MIT",
            "bin": {
                "nanoid": "bin/nanoid.cjs"
            },
            "engines": {
                "node": "^10 || ^12 || ^13.7 || ^14 || >=15.0.1"
            }
        },
        "node_modules/normalize-path": {
            "version": "3.0.0",
            "devOptional": true,
            "license": "MIT",
            "engines": {
                "node": ">=0.10.0"
            }
        },
        "node_modules/p-limit": {
            "version": "2.3.0",
            "license": "MIT",
            "dependencies": {
                "p-try": "^2.0.0"
            },
            "engines": {
                "node": ">=6"
            },
            "funding": {
                "url": "https://github.com/sponsors/sindresorhus"
            }
        },
        "node_modules/p-locate": {
            "version": "4.1.0",
            "license": "MIT",
            "dependencies": {
                "p-limit": "^2.2.0"
            },
            "engines": {
                "node": ">=8"
            }
        },
        "node_modules/p-try": {
            "version": "2.2.0",
            "license": "MIT",
            "engines": {
                "node": ">=6"
            }
        },
        "node_modules/path-exists": {
            "version": "4.0.0",
            "license": "MIT",
            "engines": {
                "node": ">=8"
            }
        },
        "node_modules/picocolors": {
            "version": "1.0.0",
            "license": "ISC"
        },
        "node_modules/picomatch": {
            "version": "2.3.1",
            "devOptional": true,
            "license": "MIT",
            "engines": {
                "node": ">=8.6"
            },
            "funding": {
                "url": "https://github.com/sponsors/jonschlinkert"
            }
        },
        "node_modules/pinia": {
            "version": "2.1.6",
            "license": "MIT",
            "dependencies": {
                "@vue/devtools-api": "^6.5.0",
                "vue-demi": ">=0.14.5"
            },
            "funding": {
                "url": "https://github.com/sponsors/posva"
            },
            "peerDependencies": {
                "@vue/composition-api": "^1.4.0",
                "typescript": ">=4.4.4",
                "vue": "^2.6.14 || ^3.3.0"
            },
            "peerDependenciesMeta": {
                "@vue/composition-api": {
                    "optional": true
                },
                "typescript": {
                    "optional": true
                }
            }
        },
        "node_modules/pinia/node_modules/vue-demi": {
            "version": "0.14.5",
            "hasInstallScript": true,
            "license": "MIT",
            "bin": {
                "vue-demi-fix": "bin/vue-demi-fix.js",
                "vue-demi-switch": "bin/vue-demi-switch.js"
            },
            "engines": {
                "node": ">=12"
            },
            "funding": {
                "url": "https://github.com/sponsors/antfu"
            },
            "peerDependencies": {
                "@vue/composition-api": "^1.0.0-rc.1",
                "vue": "^3.0.0-0 || ^2.6.0"
            },
            "peerDependenciesMeta": {
                "@vue/composition-api": {
                    "optional": true
                }
            }
        },
        "node_modules/pkg-dir": {
            "version": "4.2.0",
            "license": "MIT",
            "dependencies": {
                "find-up": "^4.0.0"
            },
            "engines": {
                "node": ">=8"
            }
        },
        "node_modules/postcss": {
            "version": "8.4.27",
            "funding": [
                {
                    "type": "opencollective",
                    "url": "https://opencollective.com/postcss/"
                },
                {
                    "type": "tidelift",
                    "url": "https://tidelift.com/funding/github/npm/postcss"
                },
                {
                    "type": "github",
                    "url": "https://github.com/sponsors/ai"
                }
            ],
            "license": "MIT",
            "dependencies": {
                "nanoid": "^3.3.6",
                "picocolors": "^1.0.0",
                "source-map-js": "^1.0.2"
            },
            "engines": {
                "node": "^10 || ^12 || >=14"
            }
        },
        "node_modules/property-expr": {
            "version": "2.0.5",
            "license": "MIT"
        },
        "node_modules/proxy-from-env": {
            "version": "1.1.0",
            "dev": true,
            "license": "MIT"
        },
        "node_modules/readdirp": {
            "version": "3.6.0",
            "devOptional": true,
            "license": "MIT",
            "dependencies": {
                "picomatch": "^2.2.1"
            },
            "engines": {
                "node": ">=8.10.0"
            }
        },
        "node_modules/rollup": {
            "version": "3.28.0",
            "resolved": "https://registry.npmjs.org/rollup/-/rollup-3.28.0.tgz",
            "integrity": "sha512-d7zhvo1OUY2SXSM6pfNjgD5+d0Nz87CUp4mt8l/GgVP3oBsPwzNvSzyu1me6BSG9JIgWNTVcafIXBIyM8yQ3yw==",
            "bin": {
                "rollup": "dist/bin/rollup"
            },
            "engines": {
                "node": ">=14.18.0",
                "npm": ">=8.0.0"
            },
            "optionalDependencies": {
                "fsevents": "~2.3.2"
            }
        },
        "node_modules/sass": {
            "version": "1.65.1",
            "resolved": "https://registry.npmjs.org/sass/-/sass-1.65.1.tgz",
            "integrity": "sha512-9DINwtHmA41SEd36eVPQ9BJKpn7eKDQmUHmpI0y5Zv2Rcorrh0zS+cFrt050hdNbmmCNKTW3hV5mWfuegNRsEA==",
            "devOptional": true,
            "dependencies": {
                "chokidar": ">=3.0.0 <4.0.0",
                "immutable": "^4.0.0",
                "source-map-js": ">=0.6.2 <2.0.0"
            },
            "bin": {
                "sass": "sass.js"
            },
            "engines": {
                "node": ">=14.0.0"
            }
        },
        "node_modules/semver": {
            "version": "6.3.1",
            "resolved": "https://registry.npmjs.org/semver/-/semver-6.3.1.tgz",
            "integrity": "sha512-BR7VvDCVHO+q2xBEWskxS6DJE1qRnb7DxzUrogb71CWoSficBxYsiAGd+Kl0mmq/MprG9yArRkyrQxTO6XjMzA==",
            "bin": {
                "semver": "bin/semver.js"
            }
        },
        "node_modules/source-map": {
            "version": "0.6.1",
            "resolved": "https://registry.npmjs.org/source-map/-/source-map-0.6.1.tgz",
            "integrity": "sha512-UjgapumWlbMhkBgzT7Ykc5YXUT46F0iKu8SGXq0bcwP5dz/h0Plj6enJqjz1Zbq2l5WaqYnrVbwWOWMyF3F47g==",
            "optional": true,
            "peer": true,
            "engines": {
                "node": ">=0.10.0"
            }
        },
        "node_modules/source-map-js": {
            "version": "1.0.2",
            "license": "BSD-3-Clause",
            "engines": {
                "node": ">=0.10.0"
            }
        },
        "node_modules/source-map-support": {
            "version": "0.5.21",
            "resolved": "https://registry.npmjs.org/source-map-support/-/source-map-support-0.5.21.tgz",
            "integrity": "sha512-uBHU3L3czsIyYXKX88fdrGovxdSCoTGDRZ6SYXtSRxLZUzHg5P/66Ht6uoUlHu9EZod+inXhKo3qQgwXUT/y1w==",
            "optional": true,
            "peer": true,
            "dependencies": {
                "buffer-from": "^1.0.0",
                "source-map": "^0.6.0"
            }
        },
        "node_modules/terser": {
            "version": "5.19.2",
            "resolved": "https://registry.npmjs.org/terser/-/terser-5.19.2.tgz",
            "integrity": "sha512-qC5+dmecKJA4cpYxRa5aVkKehYsQKc+AHeKl0Oe62aYjBL8ZA33tTljktDHJSaxxMnbI5ZYw+o/S2DxxLu8OfA==",
            "optional": true,
            "peer": true,
            "dependencies": {
                "@jridgewell/source-map": "^0.3.3",
                "acorn": "^8.8.2",
                "commander": "^2.20.0",
                "source-map-support": "~0.5.20"
            },
            "bin": {
                "terser": "bin/terser"
            },
            "engines": {
                "node": ">=10"
            }
        },
        "node_modules/tiny-case": {
            "version": "1.0.3",
            "license": "MIT"
        },
        "node_modules/to-regex-range": {
            "version": "5.0.1",
            "devOptional": true,
            "license": "MIT",
            "dependencies": {
                "is-number": "^7.0.0"
            },
            "engines": {
                "node": ">=8.0"
            }
        },
        "node_modules/toposort": {
            "version": "2.0.2",
            "license": "MIT"
        },
        "node_modules/type-fest": {
            "version": "2.19.0",
            "license": "(MIT OR CC0-1.0)",
            "engines": {
                "node": ">=12.20"
            },
            "funding": {
                "url": "https://github.com/sponsors/sindresorhus"
            }
        },
        "node_modules/upath": {
            "version": "2.0.1",
            "license": "MIT",
            "engines": {
                "node": ">=4",
                "yarn": "*"
            }
        },
        "node_modules/vee-validate": {
            "version": "4.11.1",
            "resolved": "https://registry.npmjs.org/vee-validate/-/vee-validate-4.11.1.tgz",
            "integrity": "sha512-NGL2qrhoXAng+pZvu9dgQRhCuNBKeXcusdUloN3jnXUxbmLUCJV2kgleS5Jr7yF2iTWvDlDQd5m+Qp6cP1wSgw==",
            "dependencies": {
                "@vue/devtools-api": "^6.5.0",
                "type-fest": "^4.0.0"
            },
            "peerDependencies": {
                "vue": "^3.3.4"
            }
        },
        "node_modules/vee-validate/node_modules/type-fest": {
            "version": "4.1.0",
            "license": "(MIT OR CC0-1.0)",
            "engines": {
                "node": ">=16"
            },
            "funding": {
                "url": "https://github.com/sponsors/sindresorhus"
            }
        },
        "node_modules/vite": {
            "version": "4.4.9",
            "resolved": "https://registry.npmjs.org/vite/-/vite-4.4.9.tgz",
            "integrity": "sha512-2mbUn2LlUmNASWwSCNSJ/EG2HuSRTnVNaydp6vMCm5VIqJsjMfbIWtbH2kDuwUVW5mMUKKZvGPX/rqeqVvv1XA==",
            "dependencies": {
                "esbuild": "^0.18.10",
                "postcss": "^8.4.27",
                "rollup": "^3.27.1"
            },
            "bin": {
                "vite": "bin/vite.js"
            },
            "engines": {
                "node": "^14.18.0 || >=16.0.0"
            },
            "funding": {
                "url": "https://github.com/vitejs/vite?sponsor=1"
            },
            "optionalDependencies": {
                "fsevents": "~2.3.2"
            },
            "peerDependencies": {
                "@types/node": ">= 14",
                "less": "*",
                "lightningcss": "^1.21.0",
                "sass": "*",
                "stylus": "*",
                "sugarss": "*",
                "terser": "^5.4.0"
            },
            "peerDependenciesMeta": {
                "@types/node": {
                    "optional": true
                },
                "less": {
                    "optional": true
                },
                "lightningcss": {
                    "optional": true
                },
                "sass": {
                    "optional": true
                },
                "stylus": {
                    "optional": true
                },
                "sugarss": {
                    "optional": true
                },
                "terser": {
                    "optional": true
                }
            }
        },
        "node_modules/vite-plugin-full-reload": {
            "version": "1.0.5",
            "dev": true,
            "license": "MIT",
            "dependencies": {
                "picocolors": "^1.0.0",
                "picomatch": "^2.3.1"
            },
            "peerDependencies": {
                "vite": "^2 || ^3 || ^4"
            }
        },
        "node_modules/vite-plugin-vuetify": {
            "version": "1.0.2",
            "license": "MIT",
            "dependencies": {
                "@vuetify/loader-shared": "^1.7.1",
                "debug": "^4.3.3",
                "upath": "^2.0.1"
            },
            "engines": {
                "node": ">=12"
            },
            "peerDependencies": {
                "vite": "^2.7.0 || ^3.0.0 || ^4.0.0",
                "vuetify": "^3.0.0-beta.4"
            }
        },
        "node_modules/vue": {
            "version": "3.3.4",
            "license": "MIT",
            "dependencies": {
                "@vue/compiler-dom": "3.3.4",
                "@vue/compiler-sfc": "3.3.4",
                "@vue/runtime-dom": "3.3.4",
                "@vue/server-renderer": "3.3.4",
                "@vue/shared": "3.3.4"
            }
        },
        "node_modules/vue-router": {
            "version": "4.2.4",
            "license": "MIT",
            "dependencies": {
                "@vue/devtools-api": "^6.5.0"
            },
            "funding": {
                "url": "https://github.com/sponsors/posva"
            },
            "peerDependencies": {
                "vue": "^3.2.0"
            }
        },
        "node_modules/vuetify": {
            "version": "3.3.14",
            "resolved": "https://registry.npmjs.org/vuetify/-/vuetify-3.3.14.tgz",
            "integrity": "sha512-5kGnahj/cX5989bV9XM432k/BJ11fRdJ3CCdISjo1auCz+rLEeLJdjMeqyCJVd0FZsWcE1Z8799s9sLdLM3Deg==",
            "engines": {
                "node": "^12.20 || >=14.13"
            },
            "funding": {
                "type": "github",
                "url": "https://github.com/sponsors/johnleider"
            },
            "peerDependencies": {
                "typescript": ">=4.7",
                "vite-plugin-vuetify": "^1.0.0-alpha.12",
                "vue": "^3.2.0",
                "vue-i18n": "^9.0.0",
                "webpack-plugin-vuetify": "^2.0.0-alpha.11"
            },
            "peerDependenciesMeta": {
                "typescript": {
                    "optional": true
                },
                "vite-plugin-vuetify": {
                    "optional": true
                },
                "vue-i18n": {
                    "optional": true
                },
                "webpack-plugin-vuetify": {
                    "optional": true
                }
            }
        },
        "node_modules/yup": {
            "version": "1.2.0",
            "license": "MIT",
            "dependencies": {
                "property-expr": "^2.0.5",
                "tiny-case": "^1.0.3",
                "toposort": "^2.0.2",
                "type-fest": "^2.19.0"
            }
        }
    }
}
